
Microsoft Visual Studio Solution File, Format Version 12.00
# Visual Studio Version 17
Project("{8BC9CEB8-8B4A-11D0-8D11-00A0C91BC942}") = "ALL_BUILD", "ALL_BUILD.vcxproj", "{6EEA5229-E7FB-3154-A77F-59691E06C982}"
	ProjectSection(ProjectDependencies) = postProject
		{8D3704A6-A51A-3FA0-9599-16EBDE4FED2B} = {8D3704A6-A51A-3FA0-9599-16EBDE4FED2B}
		{C1E2B717-C990-35C3-8D64-34A576E62820} = {C1E2B717-C990-35C3-8D64-34A576E62820}
		{0C2230A7-9390-3896-BE2B-7FD7C57B17CE} = {0C2230A7-9390-3896-BE2B-7FD7C57B17CE}
		{AD656BF9-5474-3DE5-90E6-92AA0FFD3C34} = {AD656BF9-5474-3DE5-90E6-92AA0FFD3C34}
	EndProjectSection
EndProject
Project("{8BC9CEB8-8B4A-11D0-8D11-00A0C91BC942}") = "Dark", "Dark.vcxproj", "{8D3704A6-A51A-3FA0-9599-16EBDE4FED2B}"
	ProjectSection(ProjectDependencies) = postProject
		{0C2230A7-9390-3896-BE2B-7FD7C57B17CE} = {0C2230A7-9390-3896-BE2B-7FD7C57B17CE}
	EndProjectSection
EndProject
Project("{8BC9CEB8-8B4A-11D0-8D11-00A0C91BC942}") = "MainEngine", "MainEngine.vcxproj", "{C1E2B717-C990-35C3-8D64-34A576E62820}"
	ProjectSection(ProjectDependencies) = postProject
		{0C2230A7-9390-3896-BE2B-7FD7C57B17CE} = {0C2230A7-9390-3896-BE2B-7FD7C57B17CE}
	EndProjectSection
EndProject
Project("{8BC9CEB8-8B4A-11D0-8D11-00A0C91BC942}") = "ZERO_CHECK", "ZERO_CHECK.vcxproj", "{0C2230A7-9390-3896-BE2B-7FD7C57B17CE}"
	ProjectSection(ProjectDependencies) = postProject
	EndProjectSection
EndProject
Project("{8BC9CEB8-8B4A-11D0-8D11-00A0C91BC942}") = "generator", "generator.vcxproj", "{AD656BF9-5474-3DE5-90E6-92AA0FFD3C34}"
	ProjectSection(ProjectDependencies) = postProject
		{0C2230A7-9390-3896-BE2B-7FD7C57B17CE} = {0C2230A7-9390-3896-BE2B-7FD7C57B17CE}
	EndProjectSection
EndProject
Global
	GlobalSection(SolutionConfigurationPlatforms) = preSolution
		Debug|x64 = Debug|x64
		Release|x64 = Release|x64
		MinSizeRel|x64 = MinSizeRel|x64
		RelWithDebInfo|x64 = RelWithDebInfo|x64
	EndGlobalSection
	GlobalSection(ProjectConfigurationPlatforms) = postSolution
		{6EEA5229-E7FB-3154-A77F-59691E06C982}.Debug|x64.ActiveCfg = Debug|x64
		{6EEA5229-E7FB-3154-A77F-59691E06C982}.Release|x64.ActiveCfg = Release|x64
		{6EEA5229-E7FB-3154-A77F-59691E06C982}.MinSizeRel|x64.ActiveCfg = MinSizeRel|x64
		{6EEA5229-E7FB-3154-A77F-59691E06C982}.RelWithDebInfo|x64.ActiveCfg = RelWithDebInfo|x64
		{8D3704A6-A51A-3FA0-9599-16EBDE4FED2B}.Debug|x64.ActiveCfg = Debug|x64
		{8D3704A6-A51A-3FA0-9599-16EBDE4FED2B}.Debug|x64.Build.0 = Debug|x64
		{8D3704A6-A51A-3FA0-9599-16EBDE4FED2B}.Release|x64.ActiveCfg = Release|x64
		{8D3704A6-A51A-3FA0-9599-16EBDE4FED2B}.Release|x64.Build.0 = Release|x64
		{8D3704A6-A51A-3FA0-9599-16EBDE4FED2B}.MinSizeRel|x64.ActiveCfg = MinSizeRel|x64
		{8D3704A6-A51A-3FA0-9599-16EBDE4FED2B}.MinSizeRel|x64.Build.0 = MinSizeRel|x64
		{8D3704A6-A51A-3FA0-9599-16EBDE4FED2B}.RelWithDebInfo|x64.ActiveCfg = RelWithDebInfo|x64
		{8D3704A6-A51A-3FA0-9599-16EBDE4FED2B}.RelWithDebInfo|x64.Build.0 = RelWithDebInfo|x64
		{C1E2B717-C990-35C3-8D64-34A576E62820}.Debug|x64.ActiveCfg = Debug|x64
		{C1E2B717-C990-35C3-8D64-34A576E62820}.Debug|x64.Build.0 = Debug|x64
		{C1E2B717-C990-35C3-8D64-34A576E62820}.Release|x64.ActiveCfg = Release|x64
		{C1E2B717-C990-35C3-8D64-34A576E62820}.Release|x64.Build.0 = Release|x64
		{C1E2B717-C990-35C3-8D64-34A576E62820}.MinSizeRel|x64.ActiveCfg = MinSizeRel|x64
		{C1E2B717-C990-35C3-8D64-34A576E62820}.MinSizeRel|x64.Build.0 = MinSizeRel|x64
		{C1E2B717-C990-35C3-8D64-34A576E62820}.RelWithDebInfo|x64.ActiveCfg = RelWithDebInfo|x64
		{C1E2B717-C990-35C3-8D64-34A576E62820}.RelWithDebInfo|x64.Build.0 = RelWithDebInfo|x64
		{0C2230A7-9390-3896-BE2B-7FD7C57B17CE}.Debug|x64.ActiveCfg = Debug|x64
		{0C2230A7-9390-3896-BE2B-7FD7C57B17CE}.Debug|x64.Build.0 = Debug|x64
		{0C2230A7-9390-3896-BE2B-7FD7C57B17CE}.Release|x64.ActiveCfg = Release|x64
		{0C2230A7-9390-3896-BE2B-7FD7C57B17CE}.Release|x64.Build.0 = Release|x64
		{0C2230A7-9390-3896-BE2B-7FD7C57B17CE}.MinSizeRel|x64.ActiveCfg = MinSizeRel|x64
		{0C2230A7-9390-3896-BE2B-7FD7C57B17CE}.MinSizeRel|x64.Build.0 = MinSizeRel|x64
		{0C2230A7-9390-3896-BE2B-7FD7C57B17CE}.RelWithDebInfo|x64.ActiveCfg = RelWithDebInfo|x64
		{0C2230A7-9390-3896-BE2B-7FD7C57B17CE}.RelWithDebInfo|x64.Build.0 = RelWithDebInfo|x64
		{AD656BF9-5474-3DE5-90E6-92AA0FFD3C34}.Debug|x64.ActiveCfg = Debug|x64
		{AD656BF9-5474-3DE5-90E6-92AA0FFD3C34}.Debug|x64.Build.0 = Debug|x64
		{AD656BF9-5474-3DE5-90E6-92AA0FFD3C34}.Release|x64.ActiveCfg = Release|x64
		{AD656BF9-5474-3DE5-90E6-92AA0FFD3C34}.Release|x64.Build.0 = Release|x64
		{AD656BF9-5474-3DE5-90E6-92AA0FFD3C34}.MinSizeRel|x64.ActiveCfg = MinSizeRel|x64
		{AD656BF9-5474-3DE5-90E6-92AA0FFD3C34}.MinSizeRel|x64.Build.0 = MinSizeRel|x64
		{AD656BF9-5474-3DE5-90E6-92AA0FFD3C34}.RelWithDebInfo|x64.ActiveCfg = RelWithDebInfo|x64
		{AD656BF9-5474-3DE5-90E6-92AA0FFD3C34}.RelWithDebInfo|x64.Build.0 = RelWithDebInfo|x64
	EndGlobalSection
	GlobalSection(ExtensibilityGlobals) = postSolution
		SolutionGuid = {9ABE04C7-0F18-37CE-B956-4E8BB196864B}
	EndGlobalSection
	GlobalSection(ExtensibilityAddIns) = postSolution
	EndGlobalSection
EndGlobal
