# This file is automatically @generated by Cargo.
# It is not intended for manual editing.
version = 3

[[package]]
name = "aho-corasick"
version = "1.1.2"
source = "registry+https://github.com/rust-lang/crates.io-index"
checksum = "b2969dcb958b36655471fc61f7e416fa76033bdd4bfed0678d8fee1e2d07a1f0"
dependencies = [
 "memchr",
]

[[package]]
name = "anyhow"
version = "1.0.79"
source = "registry+https://github.com/rust-lang/crates.io-index"
checksum = "080e9890a082662b09c1ad45f567faeeb47f22b5fb23895fbe1e651e718e25ca"

[[package]]
name = "arrayvec"
version = "0.7.4"
source = "registry+https://github.com/rust-lang/crates.io-index"
checksum = "96d30a06541fbafbc7f82ed10c06164cfbd2c401138f6addd8404629c4b16711"

[[package]]
name = "autocfg"
version = "1.1.0"
source = "registry+https://github.com/rust-lang/crates.io-index"
checksum = "d468802bab17cbc0cc575e9b053f41e72aa36bfa6b7f55e3529ffa43161b97fa"

[[package]]
name = "bit-vec"
version = "0.6.3"
source = "registry+https://github.com/rust-lang/crates.io-index"
checksum = "349f9b6a179ed607305526ca489b34ad0a41aed5f7980fa90eb03160b69598fb"

[[package]]
name = "bitflags"
version = "1.3.2"
source = "registry+https://github.com/rust-lang/crates.io-index"
checksum = "bef38d45163c2f1dde094a7dfd33ccf595c92905c8f8f4fdc18d06fb1037718a"

[[package]]
name = "bloomfilter"
version = "1.0.13"
source = "registry+https://github.com/rust-lang/crates.io-index"
checksum = "b64d54e47a7f4fd723f082e8f11429f3df6ba8adaeca355a76556f9f0602bbcf"
dependencies = [
 "bit-vec",
 "getrandom",
 "siphasher",
]

[[package]]
name = "bumpalo"
version = "3.14.0"
source = "registry+https://github.com/rust-lang/crates.io-index"
checksum = "7f30e7476521f6f8af1a1c4c0b8cc94f0bee37d91763d0ca2665f299b6cd8aec"

[[package]]
name = "byteorder"
version = "1.5.0"
source = "registry+https://github.com/rust-lang/crates.io-index"
checksum = "1fd0f2584146f6f2ef48085050886acf353beff7305ebd1ae69500e27c67f64b"

[[package]]
name = "cfg-if"
version = "1.0.0"
source = "registry+https://github.com/rust-lang/crates.io-index"
checksum = "baf1de4339761588bc0619e3cbc0120ee582ebb74b53b4efbf79117bd2da40fd"

[[package]]
name = "console"
version = "0.15.8"
source = "registry+https://github.com/rust-lang/crates.io-index"
checksum = "0e1f83fc076bd6dd27517eacdf25fef6c4dfe5f1d7448bafaaf3a26f13b5e4eb"
dependencies = [
 "encode_unicode",
 "lazy_static",
 "libc",
 "unicode-width",
 "windows-sys 0.52.0",
]

[[package]]
name = "crossbeam-deque"
version = "0.8.5"
source = "registry+https://github.com/rust-lang/crates.io-index"
checksum = "613f8cc01fe9cf1a3eb3d7f488fd2fa8388403e97039e2f73692932e291a770d"
dependencies = [
 "crossbeam-epoch",
 "crossbeam-utils",
]

[[package]]
name = "crossbeam-epoch"
version = "0.9.18"
source = "registry+https://github.com/rust-lang/crates.io-index"
checksum = "5b82ac4a3c2ca9c3460964f020e1402edd5753411d7737aa39c3714ad1b5420e"
dependencies = [
 "crossbeam-utils",
]

[[package]]
name = "crossbeam-utils"
version = "0.8.19"
source = "registry+https://github.com/rust-lang/crates.io-index"
checksum = "248e3bacc7dc6baa3b21e405ee045c3047101a49145e7e9eca583ab4c2ca5345"

[[package]]
name = "either"
version = "1.9.0"
source = "registry+https://github.com/rust-lang/crates.io-index"
checksum = "a26ae43d7bcc3b814de94796a5e736d4029efb0ee900c12e2d54c993ad1a1e07"

[[package]]
name = "encode_unicode"
version = "0.3.6"
source = "registry+https://github.com/rust-lang/crates.io-index"
checksum = "a357d28ed41a50f9c765dbfe56cbc04a64e53e5fc58ba79fbc34c10ef3df831f"

[[package]]
name = "getrandom"
version = "0.2.12"
source = "registry+https://github.com/rust-lang/crates.io-index"
checksum = "190092ea657667030ac6a35e305e62fc4dd69fd98ac98631e5d3a2b1575a12b5"
dependencies = [
 "cfg-if",
 "js-sys",
 "libc",
 "wasi",
 "wasm-bindgen",
]

[[package]]
name = "hermit-abi"
version = "0.3.4"
source = "registry+https://github.com/rust-lang/crates.io-index"
checksum = "5d3d0e0f38255e7fa3cf31335b3a56f05febd18025f4db5ef7a0cfb4f8da651f"

[[package]]
name = "indicatif"
version = "0.17.7"
source = "registry+https://github.com/rust-lang/crates.io-index"
checksum = "fb28741c9db9a713d93deb3bb9515c20788cef5815265bee4980e87bde7e0f25"
dependencies = [
 "console",
 "instant",
 "number_prefix",
 "portable-atomic",
 "unicode-width",
]

[[package]]
name = "indoc"
version = "1.0.9"
source = "registry+https://github.com/rust-lang/crates.io-index"
checksum = "bfa799dd5ed20a7e349f3b4639aa80d74549c81716d9ec4f994c9b5815598306"

[[package]]
name = "instant"
version = "0.1.12"
source = "registry+https://github.com/rust-lang/crates.io-index"
checksum = "7a5bbe824c507c5da5956355e86a746d82e0e1464f65d862cc5e71da70e94b2c"
dependencies = [
 "cfg-if",
]

[[package]]
name = "itertools"
version = "0.2.9"
source = "registry+https://github.com/rust-lang/crates.io-index"
checksum = "aa9f5fa6ac2d5de35beb97ccf6cdf7258104ec8327e6c0fce1d44f78862e0b0c"

[[package]]
name = "js-sys"
version = "0.3.67"
source = "registry+https://github.com/rust-lang/crates.io-index"
checksum = "9a1d36f1235bc969acba30b7f5990b864423a6068a10f7c90ae8f0112e3a59d1"
dependencies = [
 "wasm-bindgen",
]

[[package]]
name = "lazy_static"
version = "1.4.0"
source = "registry+https://github.com/rust-lang/crates.io-index"
checksum = "e2abad23fbc42b3700f2f279844dc832adb2b2eb069b2df918f455c4e18cc646"

[[package]]
name = "libc"
version = "0.2.152"
source = "registry+https://github.com/rust-lang/crates.io-index"
checksum = "13e3bf6590cbc649f4d1a3eefc9d5d6eb746f5200ffb04e5e142700b8faa56e7"

[[package]]
name = "libloading"
version = "0.8.1"
source = "registry+https://github.com/rust-lang/crates.io-index"
checksum = "c571b676ddfc9a8c12f1f3d3085a7b163966a8fd8098a90640953ce5f6170161"
dependencies = [
 "cfg-if",
 "windows-sys 0.48.0",
]

[[package]]
name = "libm"
version = "0.2.8"
source = "registry+https://github.com/rust-lang/crates.io-index"
checksum = "4ec2a862134d2a7d32d7983ddcdd1c4923530833c9f2ea1a44fc5fa473989058"

[[package]]
name = "lock_api"
version = "0.4.11"
source = "registry+https://github.com/rust-lang/crates.io-index"
checksum = "3c168f8615b12bc01f9c17e2eb0cc07dcae1940121185446edc3744920e8ef45"
dependencies = [
 "autocfg",
 "scopeguard",
]

[[package]]
name = "log"
version = "0.4.20"
source = "registry+https://github.com/rust-lang/crates.io-index"
checksum = "b5e6163cb8c49088c2c36f57875e58ccd8c87c7427f7fbd50ea6710b2f3f2e8f"

[[package]]
name = "matrixmultiply"
version = "0.3.8"
source = "registry+https://github.com/rust-lang/crates.io-index"
checksum = "7574c1cf36da4798ab73da5b215bbf444f50718207754cb522201d78d1cd0ff2"
dependencies = [
 "autocfg",
 "rawpointer",
]

[[package]]
name = "memchr"
version = "2.7.1"
source = "registry+https://github.com/rust-lang/crates.io-index"
checksum = "523dc4f511e55ab87b694dc30d0f820d60906ef06413f93d4d7a1385599cc149"

[[package]]
name = "memoffset"
version = "0.9.0"
source = "registry+https://github.com/rust-lang/crates.io-index"
checksum = "5a634b1c61a95585bd15607c6ab0c4e5b226e695ff2800ba0cdccddf208c406c"
dependencies = [
 "autocfg",
]

[[package]]
name = "mktemp"
version = "0.5.1"
source = "registry+https://github.com/rust-lang/crates.io-index"
checksum = "69fed8fbcd01affec44ac226784c6476a6006d98d13e33bc0ca7977aaf046bd8"
dependencies = [
 "uuid",
]

[[package]]
name = "movegen"
version = "0.1.0"
dependencies = [
 "anyhow",
 "bloomfilter",
 "byteorder",
 "indicatif",
 "itertools",
 "libc",
 "libloading",
 "mktemp",
 "numpy",
 "pyo3",
 "rand",
 "rayon",
 "regex",
 "rip_shuffle",
 "threadpool",
]

[[package]]
name = "ndarray"
version = "0.15.6"
source = "registry+https://github.com/rust-lang/crates.io-index"
checksum = "adb12d4e967ec485a5f71c6311fe28158e9d6f4bc4a447b474184d0f91a8fa32"
dependencies = [
 "matrixmultiply",
 "num-complex",
 "num-integer",
 "num-traits",
 "rawpointer",
]

[[package]]
name = "num-complex"
version = "0.4.4"
source = "registry+https://github.com/rust-lang/crates.io-index"
checksum = "1ba157ca0885411de85d6ca030ba7e2a83a28636056c7c699b07c8b6f7383214"
dependencies = [
 "num-traits",
]

[[package]]
name = "num-integer"
version = "0.1.45"
source = "registry+https://github.com/rust-lang/crates.io-index"
checksum = "225d3389fb3509a24c93f5c29eb6bde2586b98d9f016636dff58d7c6f7569cd9"
dependencies = [
 "autocfg",
 "num-traits",
]

[[package]]
name = "num-traits"
version = "0.2.17"
source = "registry+https://github.com/rust-lang/crates.io-index"
checksum = "39e3200413f237f41ab11ad6d161bc7239c84dcb631773ccd7de3dfe4b5c267c"
dependencies = [
 "autocfg",
 "libm",
]

[[package]]
name = "num_cpus"
version = "1.16.0"
source = "registry+https://github.com/rust-lang/crates.io-index"
checksum = "4161fcb6d602d4d2081af7c3a45852d875a03dd337a6bfdd6e06407b61342a43"
dependencies = [
 "hermit-abi",
 "libc",
]

[[package]]
name = "number_prefix"
version = "0.4.0"
source = "registry+https://github.com/rust-lang/crates.io-index"
checksum = "830b246a0e5f20af87141b25c173cd1b609bd7779a4617d6ec582abaf90870f3"

[[package]]
name = "numpy"
version = "0.19.0"
source = "registry+https://github.com/rust-lang/crates.io-index"
checksum = "437213adf41bbccf4aeae535fbfcdad0f6fed241e1ae182ebe97fa1f3ce19389"
dependencies = [
 "libc",
 "ndarray",
 "num-complex",
 "num-integer",
 "num-traits",
 "pyo3",
 "rustc-hash",
]

[[package]]
name = "once_cell"
version = "1.19.0"
source = "registry+https://github.com/rust-lang/crates.io-index"
checksum = "3fdb12b2476b595f9358c5161aa467c2438859caa136dec86c26fdd2efe17b92"

[[package]]
name = "parking_lot"
version = "0.12.1"
source = "registry+https://github.com/rust-lang/crates.io-index"
checksum = "3742b2c103b9f06bc9fff0a37ff4912935851bee6d36f3c02bcc755bcfec228f"
dependencies = [
 "lock_api",
 "parking_lot_core",
]

[[package]]
name = "parking_lot_core"
version = "0.9.9"
source = "registry+https://github.com/rust-lang/crates.io-index"
checksum = "4c42a9226546d68acdd9c0a280d17ce19bfe27a46bf68784e4066115788d008e"
dependencies = [
 "cfg-if",
 "libc",
 "redox_syscall",
 "smallvec",
 "windows-targets 0.48.5",
]

[[package]]
name = "portable-atomic"
version = "1.6.0"
source = "registry+https://github.com/rust-lang/crates.io-index"
checksum = "7170ef9988bc169ba16dd36a7fa041e5c4cbeb6a35b76d4c03daded371eae7c0"

[[package]]
name = "ppv-lite86"
version = "0.2.17"
source = "registry+https://github.com/rust-lang/crates.io-index"
checksum = "5b40af805b3121feab8a3c29f04d8ad262fa8e0561883e7653e024ae4479e6de"

[[package]]
name = "proc-macro2"
version = "1.0.78"
source = "registry+https://github.com/rust-lang/crates.io-index"
checksum = "e2422ad645d89c99f8f3e6b88a9fdeca7fabeac836b1002371c4367c8f984aae"
dependencies = [
 "unicode-ident",
]

[[package]]
name = "pyo3"
version = "0.19.2"
source = "registry+https://github.com/rust-lang/crates.io-index"
checksum = "e681a6cfdc4adcc93b4d3cf993749a4552018ee0a9b65fc0ccfad74352c72a38"
dependencies = [
 "cfg-if",
 "indoc",
 "libc",
 "memoffset",
 "parking_lot",
 "pyo3-build-config",
 "pyo3-ffi",
 "pyo3-macros",
 "unindent",
]

[[package]]
name = "pyo3-build-config"
version = "0.19.2"
source = "registry+https://github.com/rust-lang/crates.io-index"
checksum = "076c73d0bc438f7a4ef6fdd0c3bb4732149136abd952b110ac93e4edb13a6ba5"
dependencies = [
 "once_cell",
 "target-lexicon",
]

[[package]]
name = "pyo3-ffi"
version = "0.19.2"
source = "registry+https://github.com/rust-lang/crates.io-index"
checksum = "e53cee42e77ebe256066ba8aa77eff722b3bb91f3419177cf4cd0f304d3284d9"
dependencies = [
 "libc",
 "pyo3-build-config",
]

[[package]]
name = "pyo3-macros"
version = "0.19.2"
source = "registry+https://github.com/rust-lang/crates.io-index"
checksum = "dfeb4c99597e136528c6dd7d5e3de5434d1ceaf487436a3f03b2d56b6fc9efd1"
dependencies = [
 "proc-macro2",
 "pyo3-macros-backend",
 "quote",
 "syn 1.0.109",
]

[[package]]
name = "pyo3-macros-backend"
version = "0.19.2"
source = "registry+https://github.com/rust-lang/crates.io-index"
checksum = "947dc12175c254889edc0c02e399476c2f652b4b9ebd123aa655c224de259536"
dependencies = [
 "proc-macro2",
 "quote",
 "syn 1.0.109",
]

[[package]]
name = "quote"
version = "1.0.35"
source = "registry+https://github.com/rust-lang/crates.io-index"
checksum = "291ec9ab5efd934aaf503a6466c5d5251535d108ee747472c3977cc5acc868ef"
dependencies = [
 "proc-macro2",
]

[[package]]
name = "rand"
version = "0.8.5"
source = "registry+https://github.com/rust-lang/crates.io-index"
checksum = "34af8d1a0e25924bc5b7c43c079c942339d8f0a8b57c39049bef581b46327404"
dependencies = [
 "libc",
 "rand_chacha",
 "rand_core",
]

[[package]]
name = "rand_chacha"
version = "0.3.1"
source = "registry+https://github.com/rust-lang/crates.io-index"
checksum = "e6c10a63a0fa32252be49d21e7709d4d4baf8d231c2dbce1eaa8141b9b127d88"
dependencies = [
 "ppv-lite86",
 "rand_core",
]

[[package]]
name = "rand_core"
version = "0.6.4"
source = "registry+https://github.com/rust-lang/crates.io-index"
checksum = "ec0be4795e2f6a28069bec0b5ff3e2ac9bafc99e6a9a7dc3547996c5c816922c"
dependencies = [
 "getrandom",
]

[[package]]
name = "rand_distr"
version = "0.4.3"
source = "registry+https://github.com/rust-lang/crates.io-index"
checksum = "32cb0b9bc82b0a0876c2dd994a7e7a2683d3e7390ca40e6886785ef0c7e3ee31"
dependencies = [
 "num-traits",
 "rand",
]

[[package]]
name = "rand_pcg"
version = "0.3.1"
source = "registry+https://github.com/rust-lang/crates.io-index"
checksum = "59cad018caf63deb318e5a4586d99a24424a364f40f1e5778c29aca23f4fc73e"
dependencies = [
 "rand_core",
]

[[package]]
name = "rawpointer"
version = "0.2.1"
source = "registry+https://github.com/rust-lang/crates.io-index"
checksum = "60a357793950651c4ed0f3f52338f53b2f809f32d83a07f72909fa13e4c6c1e3"

[[package]]
name = "rayon"
version = "1.8.1"
source = "registry+https://github.com/rust-lang/crates.io-index"
checksum = "fa7237101a77a10773db45d62004a272517633fbcc3df19d96455ede1122e051"
dependencies = [
 "either",
 "rayon-core",
]

[[package]]
name = "rayon-core"
version = "1.12.1"
source = "registry+https://github.com/rust-lang/crates.io-index"
checksum = "1465873a3dfdaa8ae7cb14b4383657caab0b3e8a0aa9ae8e04b044854c8dfce2"
dependencies = [
 "crossbeam-deque",
 "crossbeam-utils",
]

[[package]]
name = "redox_syscall"
version = "0.4.1"
source = "registry+https://github.com/rust-lang/crates.io-index"
checksum = "4722d768eff46b75989dd134e5c353f0d6296e5aaa3132e776cbdb56be7731aa"
dependencies = [
 "bitflags",
]

[[package]]
name = "regex"
version = "1.10.3"
source = "registry+https://github.com/rust-lang/crates.io-index"
checksum = "b62dbe01f0b06f9d8dc7d49e05a0785f153b00b2c227856282f671e0318c9b15"
dependencies = [
 "aho-corasick",
 "memchr",
 "regex-automata",
 "regex-syntax",
]

[[package]]
name = "regex-automata"
version = "0.4.4"
source = "registry+https://github.com/rust-lang/crates.io-index"
checksum = "3b7fa1134405e2ec9353fd416b17f8dacd46c473d7d3fd1cf202706a14eb792a"
dependencies = [
 "aho-corasick",
 "memchr",
 "regex-syntax",
]

[[package]]
name = "regex-syntax"
version = "0.8.2"
source = "registry+https://github.com/rust-lang/crates.io-index"
checksum = "c08c74e62047bb2de4ff487b251e4a92e24f48745648451635cec7d591162d9f"

[[package]]
name = "rip_shuffle"
version = "0.1.0"
source = "registry+https://github.com/rust-lang/crates.io-index"
checksum = "26fa95c0e8616606fb448ac59ff6c58e9b36fac5e05a8bb0e38f9c18164e69d3"
dependencies = [
 "arrayvec",
 "rand",
 "rand_distr",
 "rand_pcg",
 "rayon",
]

[[package]]
name = "rustc-hash"
version = "1.1.0"
source = "registry+https://github.com/rust-lang/crates.io-index"
checksum = "08d43f7aa6b08d49f382cde6a7982047c3426db949b1424bc4b7ec9ae12c6ce2"

[[package]]
name = "scopeguard"
version = "1.2.0"
source = "registry+https://github.com/rust-lang/crates.io-index"
checksum = "94143f37725109f92c262ed2cf5e59bce7498c01bcc1502d7b9afe439a4e9f49"

[[package]]
name = "siphasher"
version = "1.0.0"
source = "registry+https://github.com/rust-lang/crates.io-index"
checksum = "54ac45299ccbd390721be55b412d41931911f654fa99e2cb8bfb57184b2061fe"

[[package]]
name = "smallvec"
version = "1.13.1"
source = "registry+https://github.com/rust-lang/crates.io-index"
checksum = "e6ecd384b10a64542d77071bd64bd7b231f4ed5940fba55e98c3de13824cf3d7"

[[package]]
name = "syn"
version = "1.0.109"
source = "registry+https://github.com/rust-lang/crates.io-index"
checksum = "72b64191b275b66ffe2469e8af2c1cfe3bafa67b529ead792a6d0160888b4237"
dependencies = [
 "proc-macro2",
 "quote",
 "unicode-ident",
]

[[package]]
name = "syn"
version = "2.0.48"
source = "registry+https://github.com/rust-lang/crates.io-index"
checksum = "0f3531638e407dfc0814761abb7c00a5b54992b849452a0646b7f65c9f770f3f"
dependencies = [
 "proc-macro2",
 "quote",
 "unicode-ident",
]

[[package]]
name = "target-lexicon"
version = "0.12.13"
source = "registry+https://github.com/rust-lang/crates.io-index"
checksum = "69758bda2e78f098e4ccb393021a0963bb3442eac05f135c30f61b7370bbafae"

[[package]]
name = "threadpool"
version = "1.8.1"
source = "registry+https://github.com/rust-lang/crates.io-index"
checksum = "d050e60b33d41c19108b32cea32164033a9013fe3b46cbd4457559bfbf77afaa"
dependencies = [
 "num_cpus",
]

[[package]]
name = "unicode-ident"
version = "1.0.12"
source = "registry+https://github.com/rust-lang/crates.io-index"
checksum = "3354b9ac3fae1ff6755cb6db53683adb661634f67557942dea4facebec0fee4b"

[[package]]
name = "unicode-width"
version = "0.1.11"
source = "registry+https://github.com/rust-lang/crates.io-index"
checksum = "e51733f11c9c4f72aa0c160008246859e340b00807569a0da0e7a1079b27ba85"

[[package]]
name = "unindent"
version = "0.1.11"
source = "registry+https://github.com/rust-lang/crates.io-index"
checksum = "e1766d682d402817b5ac4490b3c3002d91dfa0d22812f341609f97b08757359c"

[[package]]
name = "uuid"
version = "1.4.1"
source = "registry+https://github.com/rust-lang/crates.io-index"
checksum = "79daa5ed5740825c40b389c5e50312b9c86df53fccd33f281df655642b43869d"
dependencies = [
 "getrandom",
]

[[package]]
name = "wasi"
version = "0.11.0+wasi-snapshot-preview1"
source = "registry+https://github.com/rust-lang/crates.io-index"
checksum = "9c8d87e72b64a3b4db28d11ce29237c246188f4f51057d65a7eab63b7987e423"

[[package]]
name = "wasm-bindgen"
version = "0.2.90"
source = "registry+https://github.com/rust-lang/crates.io-index"
checksum = "b1223296a201415c7fad14792dbefaace9bd52b62d33453ade1c5b5f07555406"
dependencies = [
 "cfg-if",
 "wasm-bindgen-macro",
]

[[package]]
name = "wasm-bindgen-backend"
version = "0.2.90"
source = "registry+https://github.com/rust-lang/crates.io-index"
checksum = "fcdc935b63408d58a32f8cc9738a0bffd8f05cc7c002086c6ef20b7312ad9dcd"
dependencies = [
 "bumpalo",
 "log",
 "once_cell",
 "proc-macro2",
 "quote",
 "syn 2.0.48",
 "wasm-bindgen-shared",
]

[[package]]
name = "wasm-bindgen-macro"
version = "0.2.90"
source = "registry+https://github.com/rust-lang/crates.io-index"
checksum = "3e4c238561b2d428924c49815533a8b9121c664599558a5d9ec51f8a1740a999"
dependencies = [
 "quote",
 "wasm-bindgen-macro-support",
]

[[package]]
name = "wasm-bindgen-macro-support"
version = "0.2.90"
source = "registry+https://github.com/rust-lang/crates.io-index"
checksum = "bae1abb6806dc1ad9e560ed242107c0f6c84335f1749dd4e8ddb012ebd5e25a7"
dependencies = [
 "proc-macro2",
 "quote",
 "syn 2.0.48",
 "wasm-bindgen-backend",
 "wasm-bindgen-shared",
]

[[package]]
name = "wasm-bindgen-shared"
version = "0.2.90"
source = "registry+https://github.com/rust-lang/crates.io-index"
checksum = "4d91413b1c31d7539ba5ef2451af3f0b833a005eb27a631cec32bc0635a8602b"

[[package]]
name = "windows-sys"
version = "0.48.0"
source = "registry+https://github.com/rust-lang/crates.io-index"
checksum = "677d2418bec65e3338edb076e806bc1ec15693c5d0104683f2efe857f61056a9"
dependencies = [
 "windows-targets 0.48.5",
]

[[package]]
name = "windows-sys"
version = "0.52.0"
source = "registry+https://github.com/rust-lang/crates.io-index"
checksum = "282be5f36a8ce781fad8c8ae18fa3f9beff57ec1b52cb3de0789201425d9a33d"
dependencies = [
 "windows-targets 0.52.0",
]

[[package]]
name = "windows-targets"
version = "0.48.5"
source = "registry+https://github.com/rust-lang/crates.io-index"
checksum = "9a2fa6e2155d7247be68c096456083145c183cbbbc2764150dda45a87197940c"
dependencies = [
 "windows_aarch64_gnullvm 0.48.5",
 "windows_aarch64_msvc 0.48.5",
 "windows_i686_gnu 0.48.5",
 "windows_i686_msvc 0.48.5",
 "windows_x86_64_gnu 0.48.5",
 "windows_x86_64_gnullvm 0.48.5",
 "windows_x86_64_msvc 0.48.5",
]

[[package]]
name = "windows-targets"
version = "0.52.0"
source = "registry+https://github.com/rust-lang/crates.io-index"
checksum = "8a18201040b24831fbb9e4eb208f8892e1f50a37feb53cc7ff887feb8f50e7cd"
dependencies = [
 "windows_aarch64_gnullvm 0.52.0",
 "windows_aarch64_msvc 0.52.0",
 "windows_i686_gnu 0.52.0",
 "windows_i686_msvc 0.52.0",
 "windows_x86_64_gnu 0.52.0",
 "windows_x86_64_gnullvm 0.52.0",
 "windows_x86_64_msvc 0.52.0",
]

[[package]]
name = "windows_aarch64_gnullvm"
version = "0.48.5"
source = "registry+https://github.com/rust-lang/crates.io-index"
checksum = "2b38e32f0abccf9987a4e3079dfb67dcd799fb61361e53e2882c3cbaf0d905d8"

[[package]]
name = "windows_aarch64_gnullvm"
version = "0.52.0"
source = "registry+https://github.com/rust-lang/crates.io-index"
checksum = "cb7764e35d4db8a7921e09562a0304bf2f93e0a51bfccee0bd0bb0b666b015ea"

[[package]]
name = "windows_aarch64_msvc"
version = "0.48.5"
source = "registry+https://github.com/rust-lang/crates.io-index"
checksum = "dc35310971f3b2dbbf3f0690a219f40e2d9afcf64f9ab7cc1be722937c26b4bc"

[[package]]
name = "windows_aarch64_msvc"
version = "0.52.0"
source = "registry+https://github.com/rust-lang/crates.io-index"
checksum = "bbaa0368d4f1d2aaefc55b6fcfee13f41544ddf36801e793edbbfd7d7df075ef"

[[package]]
name = "windows_i686_gnu"
version = "0.48.5"
source = "registry+https://github.com/rust-lang/crates.io-index"
checksum = "a75915e7def60c94dcef72200b9a8e58e5091744960da64ec734a6c6e9b3743e"

[[package]]
name = "windows_i686_gnu"
version = "0.52.0"
source = "registry+https://github.com/rust-lang/crates.io-index"
checksum = "a28637cb1fa3560a16915793afb20081aba2c92ee8af57b4d5f28e4b3e7df313"

[[package]]
name = "windows_i686_msvc"
version = "0.48.5"
source = "registry+https://github.com/rust-lang/crates.io-index"
checksum = "8f55c233f70c4b27f66c523580f78f1004e8b5a8b659e05a4eb49d4166cca406"

[[package]]
name = "windows_i686_msvc"
version = "0.52.0"
source = "registry+https://github.com/rust-lang/crates.io-index"
checksum = "ffe5e8e31046ce6230cc7215707b816e339ff4d4d67c65dffa206fd0f7aa7b9a"

[[package]]
name = "windows_x86_64_gnu"
version = "0.48.5"
source = "registry+https://github.com/rust-lang/crates.io-index"
checksum = "53d40abd2583d23e4718fddf1ebec84dbff8381c07cae67ff7768bbf19c6718e"

[[package]]
name = "windows_x86_64_gnu"
version = "0.52.0"
source = "registry+https://github.com/rust-lang/crates.io-index"
checksum = "3d6fa32db2bc4a2f5abeacf2b69f7992cd09dca97498da74a151a3132c26befd"

[[package]]
name = "windows_x86_64_gnullvm"
version = "0.48.5"
source = "registry+https://github.com/rust-lang/crates.io-index"
checksum = "0b7b52767868a23d5bab768e390dc5f5c55825b6d30b86c844ff2dc7414044cc"

[[package]]
name = "windows_x86_64_gnullvm"
version = "0.52.0"
source = "registry+https://github.com/rust-lang/crates.io-index"
checksum = "1a657e1e9d3f514745a572a6846d3c7aa7dbe1658c056ed9c3344c4109a6949e"

[[package]]
name = "windows_x86_64_msvc"
version = "0.48.5"
source = "registry+https://github.com/rust-lang/crates.io-index"
checksum = "ed94fce61571a4006852b7389a063ab983c02eb1bb37b47f8272ce92d06d9538"

[[package]]
name = "windows_x86_64_msvc"
version = "0.52.0"
source = "registry+https://github.com/rust-lang/crates.io-index"
checksum = "dff9641d1cd4be8d1a070daf9e3773c5f67e78b4d9d42263020c057706765c04"
