<?xml version="1.0" encoding="UTF-8"?>
<CodeBlocks_project_file>
	<FileVersion major="1" minor="6"/>
	<Project>
		<Option title="reading"/>
		<Option makefile_is_custom="1"/>
		<Option compiler="gcc"/>
		<Option virtualFolders="CMake Files\;"/>
		<Build>
			<Target title="all">
				<Option working_dir="/home/robin/DarkHorse/Checkers/CheckerEngineX"/>
				<Option type="4"/>
				<MakeCommands>
					<Build command="/usr/bin/make -j16 -f &quot;/home/robin/DarkHorse/Checkers/CheckerEngineX/Makefile&quot;  VERBOSE=1 all"/>
					<CompileFile command="/usr/bin/make -j16 -f &quot;/home/robin/DarkHorse/Checkers/CheckerEngineX/Makefile&quot;  VERBOSE=1 &quot;$file&quot;"/>
					<Clean command="/usr/bin/make -j16 -f &quot;/home/robin/DarkHorse/Checkers/CheckerEngineX/Makefile&quot;  VERBOSE=1 clean"/>
					<DistClean command="/usr/bin/make -j16 -f &quot;/home/robin/DarkHorse/Checkers/CheckerEngineX/Makefile&quot;  VERBOSE=1 clean"/>
				</MakeCommands>
			</Target>
			<Target title="rebuild_cache">
				<Option working_dir="/home/robin/DarkHorse/Checkers/CheckerEngineX"/>
				<Option type="4"/>
				<MakeCommands>
					<Build command="/usr/bin/make -j16 -f &quot;/home/robin/DarkHorse/Checkers/CheckerEngineX/Makefile&quot;  VERBOSE=1 rebuild_cache"/>
					<CompileFile command="/usr/bin/make -j16 -f &quot;/home/robin/DarkHorse/Checkers/CheckerEngineX/Makefile&quot;  VERBOSE=1 &quot;$file&quot;"/>
					<Clean command="/usr/bin/make -j16 -f &quot;/home/robin/DarkHorse/Checkers/CheckerEngineX/Makefile&quot;  VERBOSE=1 clean"/>
					<DistClean command="/usr/bin/make -j16 -f &quot;/home/robin/DarkHorse/Checkers/CheckerEngineX/Makefile&quot;  VERBOSE=1 clean"/>
				</MakeCommands>
			</Target>
			<Target title="CheckerEngineX">
				<Option output="/home/robin/DarkHorse/Checkers/CheckerEngineX/CheckerEngineX" prefix_auto="0" extension_auto="0"/>
				<Option working_dir="/home/robin/DarkHorse/Checkers/CheckerEngineX"/>
				<Option object_output="./"/>
				<Option type="1"/>
				<Option compiler="gcc"/>
				<Compiler>
					<Add directory="/usr/include/c++/9"/>
					<Add directory="/usr/include/x86_64-linux-gnu/c++/9"/>
					<Add directory="/usr/include/c++/9/backward"/>
					<Add directory="/usr/lib/gcc/x86_64-linux-gnu/9/include"/>
					<Add directory="/usr/local/include"/>
					<Add directory="/usr/lib/gcc/x86_64-linux-gnu/9/include-fixed"/>
					<Add directory="/usr/include/x86_64-linux-gnu"/>
					<Add directory="/usr/include"/>
				</Compiler>
				<MakeCommands>
					<Build command="/usr/bin/make -j16 -f &quot;/home/robin/DarkHorse/Checkers/CheckerEngineX/Makefile&quot;  VERBOSE=1 CheckerEngineX"/>
					<CompileFile command="/usr/bin/make -j16 -f &quot;/home/robin/DarkHorse/Checkers/CheckerEngineX/Makefile&quot;  VERBOSE=1 &quot;$file&quot;"/>
					<Clean command="/usr/bin/make -j16 -f &quot;/home/robin/DarkHorse/Checkers/CheckerEngineX/Makefile&quot;  VERBOSE=1 clean"/>
					<DistClean command="/usr/bin/make -j16 -f &quot;/home/robin/DarkHorse/Checkers/CheckerEngineX/Makefile&quot;  VERBOSE=1 clean"/>
				</MakeCommands>
			</Target>
			<Target title="CheckerEngineX/fast">
				<Option output="/home/robin/DarkHorse/Checkers/CheckerEngineX/CheckerEngineX" prefix_auto="0" extension_auto="0"/>
				<Option working_dir="/home/robin/DarkHorse/Checkers/CheckerEngineX"/>
				<Option object_output="./"/>
				<Option type="1"/>
				<Option compiler="gcc"/>
				<Compiler>
					<Add directory="/usr/include/c++/9"/>
					<Add directory="/usr/include/x86_64-linux-gnu/c++/9"/>
					<Add directory="/usr/include/c++/9/backward"/>
					<Add directory="/usr/lib/gcc/x86_64-linux-gnu/9/include"/>
					<Add directory="/usr/local/include"/>
					<Add directory="/usr/lib/gcc/x86_64-linux-gnu/9/include-fixed"/>
					<Add directory="/usr/include/x86_64-linux-gnu"/>
					<Add directory="/usr/include"/>
				</Compiler>
				<MakeCommands>
					<Build command="/usr/bin/make -j16 -f &quot;/home/robin/DarkHorse/Checkers/CheckerEngineX/Makefile&quot;  VERBOSE=1 CheckerEngineX/fast"/>
					<CompileFile command="/usr/bin/make -j16 -f &quot;/home/robin/DarkHorse/Checkers/CheckerEngineX/Makefile&quot;  VERBOSE=1 &quot;$file&quot;"/>
					<Clean command="/usr/bin/make -j16 -f &quot;/home/robin/DarkHorse/Checkers/CheckerEngineX/Makefile&quot;  VERBOSE=1 clean"/>
					<DistClean command="/usr/bin/make -j16 -f &quot;/home/robin/DarkHorse/Checkers/CheckerEngineX/Makefile&quot;  VERBOSE=1 clean"/>
				</MakeCommands>
			</Target>
			<Target title="edit_cache">
				<Option working_dir="/home/robin/DarkHorse/Checkers/CheckerEngineX"/>
				<Option type="4"/>
				<MakeCommands>
					<Build command="/usr/bin/make -j16 -f &quot;/home/robin/DarkHorse/Checkers/CheckerEngineX/Makefile&quot;  VERBOSE=1 edit_cache"/>
					<CompileFile command="/usr/bin/make -j16 -f &quot;/home/robin/DarkHorse/Checkers/CheckerEngineX/Makefile&quot;  VERBOSE=1 &quot;$file&quot;"/>
					<Clean command="/usr/bin/make -j16 -f &quot;/home/robin/DarkHorse/Checkers/CheckerEngineX/Makefile&quot;  VERBOSE=1 clean"/>
					<DistClean command="/usr/bin/make -j16 -f &quot;/home/robin/DarkHorse/Checkers/CheckerEngineX/Makefile&quot;  VERBOSE=1 clean"/>
				</MakeCommands>
			</Target>
		</Build>
		<Unit filename="/home/robin/DarkHorse/Checkers/CheckerEngineX/Bits.cpp">
			<Option target="CheckerEngineX"/>
		</Unit>
		<Unit filename="/home/robin/DarkHorse/Checkers/CheckerEngineX/Bits.h">
			<Option target="CheckerEngineX"/>
		</Unit>
		<Unit filename="/home/robin/DarkHorse/Checkers/CheckerEngineX/Board.cpp">
			<Option target="CheckerEngineX"/>
		</Unit>
		<Unit filename="/home/robin/DarkHorse/Checkers/CheckerEngineX/Board.h">
			<Option target="CheckerEngineX"/>
		</Unit>
		<Unit filename="/home/robin/DarkHorse/Checkers/CheckerEngineX/CBInterface.cpp">
			<Option target="CheckerEngineX"/>
		</Unit>
		<Unit filename="/home/robin/DarkHorse/Checkers/CheckerEngineX/CBInterface.h">
			<Option target="CheckerEngineX"/>
		</Unit>
		<Unit filename="/home/robin/DarkHorse/Checkers/CheckerEngineX/GameLogic.cpp">
			<Option target="CheckerEngineX"/>
		</Unit>
		<Unit filename="/home/robin/DarkHorse/Checkers/CheckerEngineX/GameLogic.h">
			<Option target="CheckerEngineX"/>
		</Unit>
		<Unit filename="/home/robin/DarkHorse/Checkers/CheckerEngineX/Line.cpp">
			<Option target="CheckerEngineX"/>
		</Unit>
		<Unit filename="/home/robin/DarkHorse/Checkers/CheckerEngineX/Line.h">
			<Option target="CheckerEngineX"/>
		</Unit>
		<Unit filename="/home/robin/DarkHorse/Checkers/CheckerEngineX/MGenerator.h">
			<Option target="CheckerEngineX"/>
		</Unit>
		<Unit filename="/home/robin/DarkHorse/Checkers/CheckerEngineX/Move.cpp">
			<Option target="CheckerEngineX"/>
		</Unit>
		<Unit filename="/home/robin/DarkHorse/Checkers/CheckerEngineX/Move.h">
			<Option target="CheckerEngineX"/>
		</Unit>
		<Unit filename="/home/robin/DarkHorse/Checkers/CheckerEngineX/MoveListe.cpp">
			<Option target="CheckerEngineX"/>
		</Unit>
		<Unit filename="/home/robin/DarkHorse/Checkers/CheckerEngineX/MoveListe.h">
			<Option target="CheckerEngineX"/>
		</Unit>
		<Unit filename="/home/robin/DarkHorse/Checkers/CheckerEngineX/MovePicker.cpp">
			<Option target="CheckerEngineX"/>
		</Unit>
		<Unit filename="/home/robin/DarkHorse/Checkers/CheckerEngineX/MovePicker.h">
			<Option target="CheckerEngineX"/>
		</Unit>
		<Unit filename="/home/robin/DarkHorse/Checkers/CheckerEngineX/Perft.cpp">
			<Option target="CheckerEngineX"/>
		</Unit>
		<Unit filename="/home/robin/DarkHorse/Checkers/CheckerEngineX/Perft.h">
			<Option target="CheckerEngineX"/>
		</Unit>
		<Unit filename="/home/robin/DarkHorse/Checkers/CheckerEngineX/Position.cpp">
			<Option target="CheckerEngineX"/>
		</Unit>
		<Unit filename="/home/robin/DarkHorse/Checkers/CheckerEngineX/Position.h">
			<Option target="CheckerEngineX"/>
		</Unit>
		<Unit filename="/home/robin/DarkHorse/Checkers/CheckerEngineX/SMPLock.h">
			<Option target="CheckerEngineX"/>
		</Unit>
		<Unit filename="/home/robin/DarkHorse/Checkers/CheckerEngineX/Thread.cpp">
			<Option target="CheckerEngineX"/>
		</Unit>
		<Unit filename="/home/robin/DarkHorse/Checkers/CheckerEngineX/Thread.h">
			<Option target="CheckerEngineX"/>
		</Unit>
		<Unit filename="/home/robin/DarkHorse/Checkers/CheckerEngineX/Transposition.cpp">
			<Option target="CheckerEngineX"/>
		</Unit>
		<Unit filename="/home/robin/DarkHorse/Checkers/CheckerEngineX/Transposition.h">
			<Option target="CheckerEngineX"/>
		</Unit>
		<Unit filename="/home/robin/DarkHorse/Checkers/CheckerEngineX/Weights.h">
			<Option target="CheckerEngineX"/>
		</Unit>
		<Unit filename="/home/robin/DarkHorse/Checkers/CheckerEngineX/Zobrist.cpp">
			<Option target="CheckerEngineX"/>
		</Unit>
		<Unit filename="/home/robin/DarkHorse/Checkers/CheckerEngineX/Zobrist.h">
			<Option target="CheckerEngineX"/>
		</Unit>
		<Unit filename="/home/robin/DarkHorse/Checkers/CheckerEngineX/main.cpp">
			<Option target="CheckerEngineX"/>
		</Unit>
		<Unit filename="/home/robin/DarkHorse/Checkers/CheckerEngineX/types.h">
			<Option target="CheckerEngineX"/>
		</Unit>
		<Unit filename="/home/robin/DarkHorse/Checkers/CheckerEngineX/CMakeLists.txt">
			<Option virtualFolder="CMake Files\"/>
		</Unit>
	</Project>
</CodeBlocks_project_file>
